
Microsoft Visual Studio Solution File, Format Version 12.00
# Visual Studio 15
VisualStudioVersion = 15.0.27703.2042
MinimumVisualStudioVersion = 10.0.40219.1
Project("{FAE04EC0-301F-11D3-BF4B-00C04F79EFBC}") = "BrowserAsync.Android", "BrowserAsync\BrowserAsync.Android\BrowserAsync.Android.csproj", "{A439C5CC-9AA6-4A02-9AEA-D84C5D9FC523}"
EndProject
Project("{FAE04EC0-301F-11D3-BF4B-00C04F79EFBC}") = "BrowserAsync.iOS", "BrowserAsync\BrowserAsync.iOS\BrowserAsync.iOS.csproj", "{E41C8076-7C24-48A1-B9CB-6F15ADD42462}"
EndProject
Project("{9A19103F-16F7-4668-BE54-9A1E7A4F7556}") = "BrowserAsync", "BrowserAsync\BrowserAsync\BrowserAsync.csproj", "{5259EB41-92EC-4FD9-BA9B-03876CCA1044}"
EndProject
Global
	GlobalSection(SolutionConfigurationPlatforms) = preSolution
		Ad-Hoc|Any CPU = Ad-Hoc|Any CPU
		Ad-Hoc|iPhone = Ad-Hoc|iPhone
		Ad-Hoc|iPhoneSimulator = Ad-Hoc|iPhoneSimulator
		AppStore|Any CPU = AppStore|Any CPU
		AppStore|iPhone = AppStore|iPhone
		AppStore|iPhoneSimulator = AppStore|iPhoneSimulator
		Debug|Any CPU = Debug|Any CPU
		Debug|iPhone = Debug|iPhone
		Debug|iPhoneSimulator = Debug|iPhoneSimulator
		Release|Any CPU = Release|Any CPU
		Release|iPhone = Release|iPhone
		Release|iPhoneSimulator = Release|iPhoneSimulator
	EndGlobalSection
	GlobalSection(ProjectConfigurationPlatforms) = postSolution
		{A439C5CC-9AA6-4A02-9AEA-D84C5D9FC523}.Ad-Hoc|Any CPU.ActiveCfg = Release|Any CPU
		{A439C5CC-9AA6-4A02-9AEA-D84C5D9FC523}.Ad-Hoc|Any CPU.Build.0 = Release|Any CPU
		{A439C5CC-9AA6-4A02-9AEA-D84C5D9FC523}.Ad-Hoc|Any CPU.Deploy.0 = Release|Any CPU
		{A439C5CC-9AA6-4A02-9AEA-D84C5D9FC523}.Ad-Hoc|iPhone.ActiveCfg = Release|Any CPU
		{A439C5CC-9AA6-4A02-9AEA-D84C5D9FC523}.Ad-Hoc|iPhone.Build.0 = Release|Any CPU
		{A439C5CC-9AA6-4A02-9AEA-D84C5D9FC523}.Ad-Hoc|iPhone.Deploy.0 = Release|Any CPU
		{A439C5CC-9AA6-4A02-9AEA-D84C5D9FC523}.Ad-Hoc|iPhoneSimulator.ActiveCfg = Release|Any CPU
		{A439C5CC-9AA6-4A02-9AEA-D84C5D9FC523}.Ad-Hoc|iPhoneSimulator.Build.0 = Release|Any CPU
		{A439C5CC-9AA6-4A02-9AEA-D84C5D9FC523}.Ad-Hoc|iPhoneSimulator.Deploy.0 = Release|Any CPU
		{A439C5CC-9AA6-4A02-9AEA-D84C5D9FC523}.AppStore|Any CPU.ActiveCfg = Release|Any CPU
		{A439C5CC-9AA6-4A02-9AEA-D84C5D9FC523}.AppStore|Any CPU.Build.0 = Release|Any CPU
		{A439C5CC-9AA6-4A02-9AEA-D84C5D9FC523}.AppStore|Any CPU.Deploy.0 = Release|Any CPU
		{A439C5CC-9AA6-4A02-9AEA-D84C5D9FC523}.AppStore|iPhone.ActiveCfg = Release|Any CPU
		{A439C5CC-9AA6-4A02-9AEA-D84C5D9FC523}.AppStore|iPhone.Build.0 = Release|Any CPU
		{A439C5CC-9AA6-4A02-9AEA-D84C5D9FC523}.AppStore|iPhone.Deploy.0 = Release|Any CPU
		{A439C5CC-9AA6-4A02-9AEA-D84C5D9FC523}.AppStore|iPhoneSimulator.ActiveCfg = Release|Any CPU
		{A439C5CC-9AA6-4A02-9AEA-D84C5D9FC523}.AppStore|iPhoneSimulator.Build.0 = Release|Any CPU
		{A439C5CC-9AA6-4A02-9AEA-D84C5D9FC523}.AppStore|iPhoneSimulator.Deploy.0 = Release|Any CPU
		{A439C5CC-9AA6-4A02-9AEA-D84C5D9FC523}.Debug|Any CPU.ActiveCfg = Debug|Any CPU
		{A439C5CC-9AA6-4A02-9AEA-D84C5D9FC523}.Debug|Any CPU.Build.0 = Debug|Any CPU
		{A439C5CC-9AA6-4A02-9AEA-D84C5D9FC523}.Debug|Any CPU.Deploy.0 = Debug|Any CPU
		{A439C5CC-9AA6-4A02-9AEA-D84C5D9FC523}.Debug|iPhone.ActiveCfg = Debug|Any CPU
		{A439C5CC-9AA6-4A02-9AEA-D84C5D9FC523}.Debug|iPhone.Build.0 = Debug|Any CPU
		{A439C5CC-9AA6-4A02-9AEA-D84C5D9FC523}.Debug|iPhone.Deploy.0 = Debug|Any CPU
		{A439C5CC-9AA6-4A02-9AEA-D84C5D9FC523}.Debug|iPhoneSimulator.ActiveCfg = Debug|Any CPU
		{A439C5CC-9AA6-4A02-9AEA-D84C5D9FC523}.Debug|iPhoneSimulator.Build.0 = Debug|Any CPU
		{A439C5CC-9AA6-4A02-9AEA-D84C5D9FC523}.Debug|iPhoneSimulator.Deploy.0 = Debug|Any CPU
		{A439C5CC-9AA6-4A02-9AEA-D84C5D9FC523}.Release|Any CPU.ActiveCfg = Release|Any CPU
		{A439C5CC-9AA6-4A02-9AEA-D84C5D9FC523}.Release|Any CPU.Build.0 = Release|Any CPU
		{A439C5CC-9AA6-4A02-9AEA-D84C5D9FC523}.Release|Any CPU.Deploy.0 = Release|Any CPU
		{A439C5CC-9AA6-4A02-9AEA-D84C5D9FC523}.Release|iPhone.ActiveCfg = Release|Any CPU
		{A439C5CC-9AA6-4A02-9AEA-D84C5D9FC523}.Release|iPhone.Build.0 = Release|Any CPU
		{A439C5CC-9AA6-4A02-9AEA-D84C5D9FC523}.Release|iPhone.Deploy.0 = Release|Any CPU
		{A439C5CC-9AA6-4A02-9AEA-D84C5D9FC523}.Release|iPhoneSimulator.ActiveCfg = Release|Any CPU
		{A439C5CC-9AA6-4A02-9AEA-D84C5D9FC523}.Release|iPhoneSimulator.Build.0 = Release|Any CPU
		{A439C5CC-9AA6-4A02-9AEA-D84C5D9FC523}.Release|iPhoneSimulator.Deploy.0 = Release|Any CPU
		{E41C8076-7C24-48A1-B9CB-6F15ADD42462}.Ad-Hoc|Any CPU.ActiveCfg = Ad-Hoc|iPhone
		{E41C8076-7C24-48A1-B9CB-6F15ADD42462}.Ad-Hoc|Any CPU.Build.0 = Ad-Hoc|iPhone
		{E41C8076-7C24-48A1-B9CB-6F15ADD42462}.Ad-Hoc|Any CPU.Deploy.0 = Ad-Hoc|iPhone
		{E41C8076-7C24-48A1-B9CB-6F15ADD42462}.Ad-Hoc|iPhone.ActiveCfg = Ad-Hoc|iPhone
		{E41C8076-7C24-48A1-B9CB-6F15ADD42462}.Ad-Hoc|iPhone.Build.0 = Ad-Hoc|iPhone
		{E41C8076-7C24-48A1-B9CB-6F15ADD42462}.Ad-Hoc|iPhone.Deploy.0 = Ad-Hoc|iPhone
		{E41C8076-7C24-48A1-B9CB-6F15ADD42462}.Ad-Hoc|iPhoneSimulator.ActiveCfg = Ad-Hoc|iPhoneSimulator
		{E41C8076-7C24-48A1-B9CB-6F15ADD42462}.Ad-Hoc|iPhoneSimulator.Build.0 = Ad-Hoc|iPhoneSimulator
		{E41C8076-7C24-48A1-B9CB-6F15ADD42462}.Ad-Hoc|iPhoneSimulator.Deploy.0 = Ad-Hoc|iPhoneSimulator
		{E41C8076-7C24-48A1-B9CB-6F15ADD42462}.AppStore|Any CPU.ActiveCfg = AppStore|iPhone
		{E41C8076-7C24-48A1-B9CB-6F15ADD42462}.AppStore|Any CPU.Build.0 = AppStore|iPhone
		{E41C8076-7C24-48A1-B9CB-6F15ADD42462}.AppStore|Any CPU.Deploy.0 = AppStore|iPhone
		{E41C8076-7C24-48A1-B9CB-6F15ADD42462}.AppStore|iPhone.ActiveCfg = AppStore|iPhone
		{E41C8076-7C24-48A1-B9CB-6F15ADD42462}.AppStore|iPhone.Build.0 = AppStore|iPhone
		{E41C8076-7C24-48A1-B9CB-6F15ADD42462}.AppStore|iPhone.Deploy.0 = AppStore|iPhone
		{E41C8076-7C24-48A1-B9CB-6F15ADD42462}.AppStore|iPhoneSimulator.ActiveCfg = AppStore|iPhoneSimulator
		{E41C8076-7C24-48A1-B9CB-6F15ADD42462}.AppStore|iPhoneSimulator.Build.0 = AppStore|iPhoneSimulator
		{E41C8076-7C24-48A1-B9CB-6F15ADD42462}.AppStore|iPhoneSimulator.Deploy.0 = AppStore|iPhoneSimulator
		{E41C8076-7C24-48A1-B9CB-6F15ADD42462}.Debug|Any CPU.ActiveCfg = Debug|iPhoneSimulator
		{E41C8076-7C24-48A1-B9CB-6F15ADD42462}.Debug|Any CPU.Build.0 = Debug|iPhoneSimulator
		{E41C8076-7C24-48A1-B9CB-6F15ADD42462}.Debug|Any CPU.Deploy.0 = Debug|iPhoneSimulator
		{E41C8076-7C24-48A1-B9CB-6F15ADD42462}.Debug|iPhone.ActiveCfg = Debug|iPhone
		{E41C8076-7C24-48A1-B9CB-6F15ADD42462}.Debug|iPhone.Build.0 = Debug|iPhone
		{E41C8076-7C24-48A1-B9CB-6F15ADD42462}.Debug|iPhone.Deploy.0 = Debug|iPhone
		{E41C8076-7C24-48A1-B9CB-6F15ADD42462}.Debug|iPhoneSimulator.ActiveCfg = Debug|iPhoneSimulator
		{E41C8076-7C24-48A1-B9CB-6F15ADD42462}.Debug|iPhoneSimulator.Build.0 = Debug|iPhoneSimulator
		{E41C8076-7C24-48A1-B9CB-6F15ADD42462}.Debug|iPhoneSimulator.Deploy.0 = Debug|iPhoneSimulator
		{E41C8076-7C24-48A1-B9CB-6F15ADD42462}.Release|Any CPU.ActiveCfg = Release|iPhone
		{E41C8076-7C24-48A1-B9CB-6F15ADD42462}.Release|Any CPU.Build.0 = Release|iPhone
		{E41C8076-7C24-48A1-B9CB-6F15ADD42462}.Release|Any CPU.Deploy.0 = Release|iPhone
		{E41C8076-7C24-48A1-B9CB-6F15ADD42462}.Release|iPhone.ActiveCfg = Release|iPhone
		{E41C8076-7C24-48A1-B9CB-6F15ADD42462}.Release|iPhone.Build.0 = Release|iPhone
		{E41C8076-7C24-48A1-B9CB-6F15ADD42462}.Release|iPhone.Deploy.0 = Release|iPhone
		{E41C8076-7C24-48A1-B9CB-6F15ADD42462}.Release|iPhoneSimulator.ActiveCfg = Release|iPhoneSimulator
		{E41C8076-7C24-48A1-B9CB-6F15ADD42462}.Release|iPhoneSimulator.Build.0 = Release|iPhoneSimulator
		{E41C8076-7C24-48A1-B9CB-6F15ADD42462}.Release|iPhoneSimulator.Deploy.0 = Release|iPhoneSimulator
		{5259EB41-92EC-4FD9-BA9B-03876CCA1044}.Ad-Hoc|Any CPU.ActiveCfg = Debug|Any CPU
		{5259EB41-92EC-4FD9-BA9B-03876CCA1044}.Ad-Hoc|Any CPU.Build.0 = Debug|Any CPU
		{5259EB41-92EC-4FD9-BA9B-03876CCA1044}.Ad-Hoc|Any CPU.Deploy.0 = Debug|Any CPU
		{5259EB41-92EC-4FD9-BA9B-03876CCA1044}.Ad-Hoc|iPhone.ActiveCfg = Debug|Any CPU
		{5259EB41-92EC-4FD9-BA9B-03876CCA1044}.Ad-Hoc|iPhone.Build.0 = Debug|Any CPU
		{5259EB41-92EC-4FD9-BA9B-03876CCA1044}.Ad-Hoc|iPhone.Deploy.0 = Debug|Any CPU
		{5259EB41-92EC-4FD9-BA9B-03876CCA1044}.Ad-Hoc|iPhoneSimulator.ActiveCfg = Debug|Any CPU
		{5259EB41-92EC-4FD9-BA9B-03876CCA1044}.Ad-Hoc|iPhoneSimulator.Build.0 = Debug|Any CPU
		{5259EB41-92EC-4FD9-BA9B-03876CCA1044}.Ad-Hoc|iPhoneSimulator.Deploy.0 = Debug|Any CPU
		{5259EB41-92EC-4FD9-BA9B-03876CCA1044}.AppStore|Any CPU.ActiveCfg = Debug|Any CPU
		{5259EB41-92EC-4FD9-BA9B-03876CCA1044}.AppStore|Any CPU.Build.0 = Debug|Any CPU
		{5259EB41-92EC-4FD9-BA9B-03876CCA1044}.AppStore|Any CPU.Deploy.0 = Debug|Any CPU
		{5259EB41-92EC-4FD9-BA9B-03876CCA1044}.AppStore|iPhone.ActiveCfg = Debug|Any CPU
		{5259EB41-92EC-4FD9-BA9B-03876CCA1044}.AppStore|iPhone.Build.0 = Debug|Any CPU
		{5259EB41-92EC-4FD9-BA9B-03876CCA1044}.AppStore|iPhone.Deploy.0 = Debug|Any CPU
		{5259EB41-92EC-4FD9-BA9B-03876CCA1044}.AppStore|iPhoneSimulator.ActiveCfg = Debug|Any CPU
		{5259EB41-92EC-4FD9-BA9B-03876CCA1044}.AppStore|iPhoneSimulator.Build.0 = Debug|Any CPU
		{5259EB41-92EC-4FD9-BA9B-03876CCA1044}.AppStore|iPhoneSimulator.Deploy.0 = Debug|Any CPU
		{5259EB41-92EC-4FD9-BA9B-03876CCA1044}.Debug|Any CPU.ActiveCfg = Debug|Any CPU
		{5259EB41-92EC-4FD9-BA9B-03876CCA1044}.Debug|Any CPU.Build.0 = Debug|Any CPU
		{5259EB41-92EC-4FD9-BA9B-03876CCA1044}.Debug|Any CPU.Deploy.0 = Debug|Any CPU
		{5259EB41-92EC-4FD9-BA9B-03876CCA1044}.Debug|iPhone.ActiveCfg = Debug|Any CPU
		{5259EB41-92EC-4FD9-BA9B-03876CCA1044}.Debug|iPhone.Build.0 = Debug|Any CPU
		{5259EB41-92EC-4FD9-BA9B-03876CCA1044}.Debug|iPhone.Deploy.0 = Debug|Any CPU
		{5259EB41-92EC-4FD9-BA9B-03876CCA1044}.Debug|iPhoneSimulator.ActiveCfg = Debug|Any CPU
		{5259EB41-92EC-4FD9-BA9B-03876CCA1044}.Debug|iPhoneSimulator.Build.0 = Debug|Any CPU
		{5259EB41-92EC-4FD9-BA9B-03876CCA1044}.Debug|iPhoneSimulator.Deploy.0 = Debug|Any CPU
		{5259EB41-92EC-4FD9-BA9B-03876CCA1044}.Release|Any CPU.ActiveCfg = Release|Any CPU
		{5259EB41-92EC-4FD9-BA9B-03876CCA1044}.Release|Any CPU.Build.0 = Release|Any CPU
		{5259EB41-92EC-4FD9-BA9B-03876CCA1044}.Release|Any CPU.Deploy.0 = Release|Any CPU
		{5259EB41-92EC-4FD9-BA9B-03876CCA1044}.Release|iPhone.ActiveCfg = Release|Any CPU
		{5259EB41-92EC-4FD9-BA9B-03876CCA1044}.Release|iPhone.Build.0 = Release|Any CPU
		{5259EB41-92EC-4FD9-BA9B-03876CCA1044}.Release|iPhone.Deploy.0 = Release|Any CPU
		{5259EB41-92EC-4FD9-BA9B-03876CCA1044}.Release|iPhoneSimulator.ActiveCfg = Release|Any CPU
		{5259EB41-92EC-4FD9-BA9B-03876CCA1044}.Release|iPhoneSimulator.Build.0 = Release|Any CPU
		{5259EB41-92EC-4FD9-BA9B-03876CCA1044}.Release|iPhoneSimulator.Deploy.0 = Release|Any CPU
	EndGlobalSection
	GlobalSection(SolutionProperties) = preSolution
		HideSolutionNode = FALSE
	EndGlobalSection
	GlobalSection(ExtensibilityGlobals) = postSolution
		SolutionGuid = {DDBE8195-CEBF-4CA2-83FB-CC09A294B716}
	EndGlobalSection
EndGlobal
